// !$*UTF8*$!
{
	archiveVersion = 1;
	classes = {
	};
	objectVersion = 46;
	objects = {

/* Begin PBXBuildFile section */
		07635F0C1D54FDD0005EA86A /* logdigester.cpp in Sources */ = {isa = PBXBuildFile; fileRef = 07635F0A1D54FDD0005EA86A /* logdigester.cpp */; };
		07635F0F1D5520FF005EA86A /* statement.cpp in Sources */ = {isa = PBXBuildFile; fileRef = 07635F0D1D5520FF005EA86A /* statement.cpp */; };
		0795A4791D5DB3F900783EB2 /* outputter.cpp in Sources */ = {isa = PBXBuildFile; fileRef = 0795A4771D5DB3F900783EB2 /* outputter.cpp */; };
		07A42DA31CAEB70600EE8337 /* main.cpp in Sources */ = {isa = PBXBuildFile; fileRef = 07A42DA21CAEB70600EE8337 /* main.cpp */; };
/* End PBXBuildFile section */

/* Begin PBXCopyFilesBuildPhase section */
		07A42D9D1CAEB70600EE8337 /* CopyFiles */ = {
			isa = PBXCopyFilesBuildPhase;
			buildActionMask = 2147483647;
			dstPath = /usr/share/man/man1/;
			dstSubfolderSpec = 0;
			files = (
			);
			runOnlyForDeploymentPostprocessing = 1;
		};
/* End PBXCopyFilesBuildPhase section */

/* Begin PBXFileReference section */
		073A41991D5FA7F7003A8DC1 /* crow_all.h */ = {isa = PBXFileReference; fileEncoding = 4; lastKnownFileType = sourcecode.c.h; path = crow_all.h; sourceTree = "<group>"; };
		07635F0A1D54FDD0005EA86A /* logdigester.cpp */ = {isa = PBXFileReference; fileEncoding = 4; lastKnownFileType = sourcecode.cpp.cpp; path = logdigester.cpp; sourceTree = "<group>"; };
		07635F0B1D54FDD0005EA86A /* logdigester.hpp */ = {isa = PBXFileReference; fileEncoding = 4; lastKnownFileType = sourcecode.cpp.h; path = logdigester.hpp; sourceTree = "<group>"; };
		07635F0D1D5520FF005EA86A /* statement.cpp */ = {isa = PBXFileReference; fileEncoding = 4; lastKnownFileType = sourcecode.cpp.cpp; path = statement.cpp; sourceTree = "<group>"; };
		07635F0E1D5520FF005EA86A /* statement.hpp */ = {isa = PBXFileReference; fileEncoding = 4; lastKnownFileType = sourcecode.cpp.h; path = statement.hpp; sourceTree = "<group>"; };
		07635F111D5543F9005EA86A /* tuple.hpp */ = {isa = PBXFileReference; fileEncoding = 4; lastKnownFileType = sourcecode.cpp.h; path = tuple.hpp; sourceTree = "<group>"; };
		0795A4771D5DB3F900783EB2 /* outputter.cpp */ = {isa = PBXFileReference; fileEncoding = 4; lastKnownFileType = sourcecode.cpp.cpp; path = outputter.cpp; sourceTree = "<group>"; };
		0795A4781D5DB3F900783EB2 /* outputter.hpp */ = {isa = PBXFileReference; fileEncoding = 4; lastKnownFileType = sourcecode.cpp.h; path = outputter.hpp; sourceTree = "<group>"; };
		0795A47A1D5DD2E800783EB2 /* version.h */ = {isa = PBXFileReference; fileEncoding = 4; lastKnownFileType = sourcecode.c.h; path = version.h; sourceTree = "<group>"; };
		07A42D9F1CAEB70600EE8337 /* LogAnalyzer */ = {isa = PBXFileReference; explicitFileType = "compiled.mach-o.executable"; includeInIndex = 0; path = LogAnalyzer; sourceTree = BUILT_PRODUCTS_DIR; };
		07A42DA21CAEB70600EE8337 /* main.cpp */ = {isa = PBXFileReference; lastKnownFileType = sourcecode.cpp.cpp; path = main.cpp; sourceTree = "<group>"; };
		07B025121D55BB120079ED42 /* prettyprint.hpp */ = {isa = PBXFileReference; lastKnownFileType = sourcecode.cpp.h; path = prettyprint.hpp; sourceTree = "<group>"; };
/* End PBXFileReference section */

/* Begin PBXFrameworksBuildPhase section */
		07A42D9C1CAEB70600EE8337 /* Frameworks */ = {
			isa = PBXFrameworksBuildPhase;
			buildActionMask = 2147483647;
			files = (
			);
			runOnlyForDeploymentPostprocessing = 0;
		};
/* End PBXFrameworksBuildPhase section */

/* Begin PBXGroup section */
		07A42D961CAEB70600EE8337 = {
			isa = PBXGroup;
			children = (
				07A42DA11CAEB70600EE8337 /* LogAnalyzer */,
				07A42DA01CAEB70600EE8337 /* Products */,
			);
			sourceTree = "<group>";
		};
		07A42DA01CAEB70600EE8337 /* Products */ = {
			isa = PBXGroup;
			children = (
				07A42D9F1CAEB70600EE8337 /* LogAnalyzer */,
			);
			name = Products;
			sourceTree = "<group>";
		};
		07A42DA11CAEB70600EE8337 /* LogAnalyzer */ = {
			isa = PBXGroup;
			children = (
				073A41991D5FA7F7003A8DC1 /* crow_all.h */,
				07A42DA21CAEB70600EE8337 /* main.cpp */,
				07635F0A1D54FDD0005EA86A /* logdigester.cpp */,
				07635F0B1D54FDD0005EA86A /* logdigester.hpp */,
				07635F0D1D5520FF005EA86A /* statement.cpp */,
				07635F0E1D5520FF005EA86A /* statement.hpp */,
				07635F111D5543F9005EA86A /* tuple.hpp */,
				07B025121D55BB120079ED42 /* prettyprint.hpp */,
				0795A4771D5DB3F900783EB2 /* outputter.cpp */,
				0795A4781D5DB3F900783EB2 /* outputter.hpp */,
				0795A47A1D5DD2E800783EB2 /* version.h */,
			);
			path = LogAnalyzer;
			sourceTree = "<group>";
		};
/* End PBXGroup section */

/* Begin PBXNativeTarget section */
		07A42D9E1CAEB70600EE8337 /* LogAnalyzer */ = {
			isa = PBXNativeTarget;
			buildConfigurationList = 07A42DA61CAEB70600EE8337 /* Build configuration list for PBXNativeTarget "LogAnalyzer" */;
			buildPhases = (
				07A42D9B1CAEB70600EE8337 /* Sources */,
				07A42D9C1CAEB70600EE8337 /* Frameworks */,
				07A42D9D1CAEB70600EE8337 /* CopyFiles */,
			);
			buildRules = (
			);
			dependencies = (
			);
			name = LogAnalyzer;
			productName = LogAnalyzer;
			productReference = 07A42D9F1CAEB70600EE8337 /* LogAnalyzer */;
			productType = "com.apple.product-type.tool";
		};
/* End PBXNativeTarget section */

/* Begin PBXProject section */
		07A42D971CAEB70600EE8337 /* Project object */ = {
			isa = PBXProject;
			attributes = {
				LastUpgradeCheck = 0800;
				ORGANIZATIONNAME = "Luigi Maisto";
				TargetAttributes = {
					07A42D9E1CAEB70600EE8337 = {
						CreatedOnToolsVersion = 7.3;
					};
				};
			};
			buildConfigurationList = 07A42D9A1CAEB70600EE8337 /* Build configuration list for PBXProject "LogAnalyzer" */;
			compatibilityVersion = "Xcode 3.2";
			developmentRegion = English;
			hasScannedForEncodings = 0;
			knownRegions = (
				en,
			);
			mainGroup = 07A42D961CAEB70600EE8337;
			productRefGroup = 07A42DA01CAEB70600EE8337 /* Products */;
			projectDirPath = "";
			projectRoot = "";
			targets = (
				07A42D9E1CAEB70600EE8337 /* LogAnalyzer */,
			);
		};
/* End PBXProject section */

/* Begin PBXSourcesBuildPhase section */
		07A42D9B1CAEB70600EE8337 /* Sources */ = {
			isa = PBXSourcesBuildPhase;
			buildActionMask = 2147483647;
			files = (
				07A42DA31CAEB70600EE8337 /* main.cpp in Sources */,
				07635F0C1D54FDD0005EA86A /* logdigester.cpp in Sources */,
				0795A4791D5DB3F900783EB2 /* outputter.cpp in Sources */,
				07635F0F1D5520FF005EA86A /* statement.cpp in Sources */,
			);
			runOnlyForDeploymentPostprocessing = 0;
		};
/* End PBXSourcesBuildPhase section */

/* Begin XCBuildConfiguration section */
		07A42DA41CAEB70600EE8337 /* Debug */ = {
			isa = XCBuildConfiguration;
			buildSettings = {
				ALWAYS_SEARCH_USER_PATHS = NO;
				CLANG_ANALYZER_NONNULL = YES;
				CLANG_CXX_LANGUAGE_STANDARD = "gnu++0x";
				CLANG_CXX_LIBRARY = "libc++";
				CLANG_ENABLE_MODULES = YES;
				CLANG_ENABLE_OBJC_ARC = YES;
				CLANG_WARN_BOOL_CONVERSION = YES;
				CLANG_WARN_CONSTANT_CONVERSION = YES;
				CLANG_WARN_DIRECT_OBJC_ISA_USAGE = YES_ERROR;
				CLANG_WARN_EMPTY_BODY = YES;
				CLANG_WARN_ENUM_CONVERSION = YES;
				CLANG_WARN_INFINITE_RECURSION = YES;
				CLANG_WARN_INT_CONVERSION = YES;
				CLANG_WARN_OBJC_ROOT_CLASS = YES_ERROR;
				CLANG_WARN_SUSPICIOUS_MOVE = YES;
				CLANG_WARN_UNREACHABLE_CODE = YES;
				CLANG_WARN__DUPLICATE_METHOD_MATCH = YES;
				CODE_SIGN_IDENTITY = "-";
				COPY_PHASE_STRIP = NO;
				DEBUG_INFORMATION_FORMAT = dwarf;
				ENABLE_STRICT_OBJC_MSGSEND = YES;
				ENABLE_TESTABILITY = YES;
				GCC_C_LANGUAGE_STANDARD = gnu99;
				GCC_DYNAMIC_NO_PIC = NO;
				GCC_NO_COMMON_BLOCKS = YES;
				GCC_OPTIMIZATION_LEVEL = 0;
				GCC_PREPROCESSOR_DEFINITIONS = (
					"DEBUG=1",
					"$(inherited)",
				);
				GCC_WARN_64_TO_32_BIT_CONVERSION = YES;
				GCC_WARN_ABOUT_RETURN_TYPE = YES_ERROR;
				GCC_WARN_UNDECLARED_SELECTOR = YES;
				GCC_WARN_UNINITIALIZED_AUTOS = YES_AGGRESSIVE;
				GCC_WARN_UNUSED_FUNCTION = YES;
				GCC_WARN_UNUSED_VARIABLE = YES;
				MACOSX_DEPLOYMENT_TARGET = 10.11;
				MTL_ENABLE_DEBUG_INFO = YES;
				ONLY_ACTIVE_ARCH = YES;
				SDKROOT = macosx;
			};
			name = Debug;
		};
		07A42DA51CAEB70600EE8337 /* Release */ = {
			isa = XCBuildConfiguration;
			buildSettings = {
				ALWAYS_SEARCH_USER_PATHS = NO;
				CLANG_ANALYZER_NONNULL = YES;
				CLANG_CXX_LANGUAGE_STANDARD = "gnu++0x";
				CLANG_CXX_LIBRARY = "libc++";
				CLANG_ENABLE_MODULES = YES;
				CLANG_ENABLE_OBJC_ARC = YES;
				CLANG_WARN_BOOL_CONVERSION = YES;
				CLANG_WARN_CONSTANT_CONVERSION = YES;
				CLANG_WARN_DIRECT_OBJC_ISA_USAGE = YES_ERROR;
				CLANG_WARN_EMPTY_BODY = YES;
				CLANG_WARN_ENUM_CONVERSION = YES;
				CLANG_WARN_INFINITE_RECURSION = YES;
				CLANG_WARN_INT_CONVERSION = YES;
				CLANG_WARN_OBJC_ROOT_CLASS = YES_ERROR;
				CLANG_WARN_SUSPICIOUS_MOVE = YES;
				CLANG_WARN_UNREACHABLE_CODE = YES;
				CLANG_WARN__DUPLICATE_METHOD_MATCH = YES;
				CODE_SIGN_IDENTITY = "-";
				COPY_PHASE_STRIP = NO;
				DEBUG_INFORMATION_FORMAT = "dwarf-with-dsym";
				ENABLE_NS_ASSERTIONS = NO;
				ENABLE_STRICT_OBJC_MSGSEND = YES;
				GCC_C_LANGUAGE_STANDARD = gnu99;
				GCC_NO_COMMON_BLOCKS = YES;
				GCC_WARN_64_TO_32_BIT_CONVERSION = YES;
				GCC_WARN_ABOUT_RETURN_TYPE = YES_ERROR;
				GCC_WARN_UNDECLARED_SELECTOR = YES;
				GCC_WARN_UNINITIALIZED_AUTOS = YES_AGGRESSIVE;
				GCC_WARN_UNUSED_FUNCTION = YES;
				GCC_WARN_UNUSED_VARIABLE = YES;
				MACOSX_DEPLOYMENT_TARGET = 10.11;
				MTL_ENABLE_DEBUG_INFO = NO;
				SDKROOT = macosx;
			};
			name = Release;
		};
		07A42DA71CAEB70600EE8337 /* Debug */ = {
			isa = XCBuildConfiguration;
			buildSettings = {
				CLANG_CXX_LANGUAGE_STANDARD = "gnu++14";
				ENABLE_TESTABILITY = NO;
				"HEADER_SEARCH_PATHS[arch=*]" = /usr/local/include;
				"LIBRARY_SEARCH_PATHS[arch=*]" = /usr/local/lib;
				OTHER_LDFLAGS = (
					"-lboost_program_options",
					"-lboost_date_time",
					"-lboost_thread-mt",
					"-lboost_system",
					"-lboost_regex",
					"-lboost_filesystem",
				);
				PRODUCT_NAME = "$(TARGET_NAME)";
			};
			name = Debug;
		};
		07A42DA81CAEB70600EE8337 /* Release */ = {
			isa = XCBuildConfiguration;
			buildSettings = {
				CLANG_CXX_LANGUAGE_STANDARD = "gnu++14";
				ENABLE_TESTABILITY = NO;
				"HEADER_SEARCH_PATHS[arch=*]" = /usr/local/include;
				"LIBRARY_SEARCH_PATHS[arch=*]" = /usr/local/lib;
				ONLY_ACTIVE_ARCH = YES;
				OTHER_LDFLAGS = (
					"-lboost_program_options",
					"-lboost_date_time",
					"-lboost_thread-mt",
					"-lboost_system",
					"-lboost_regex",
					"-lboost_filesystem",
				);
				PRODUCT_NAME = "$(TARGET_NAME)";
			};
			name = Release;
		};
/* End XCBuildConfiguration section */

/* Begin XCConfigurationList section */
		07A42D9A1CAEB70600EE8337 /* Build configuration list for PBXProject "LogAnalyzer" */ = {
			isa = XCConfigurationList;
			buildConfigurations = (
				07A42DA41CAEB70600EE8337 /* Debug */,
				07A42DA51CAEB70600EE8337 /* Release */,
			);
			defaultConfigurationIsVisible = 0;
			defaultConfigurationName = Debug;
		};
		07A42DA61CAEB70600EE8337 /* Build configuration list for PBXNativeTarget "LogAnalyzer" */ = {
			isa = XCConfigurationList;
			buildConfigurations = (
				07A42DA71CAEB70600EE8337 /* Debug */,
				07A42DA81CAEB70600EE8337 /* Release */,
			);
			defaultConfigurationIsVisible = 0;
			defaultConfigurationName = Debug;
		};
/* End XCConfigurationList section */
	};
	rootObject = 07A42D971CAEB70600EE8337 /* Project object */;
}
